
Microsoft Visual Studio Solution File, Format Version 12.00
# Visual Studio 2012
Project("{8BC9CEB8-8B4A-11D0-8D11-00A0C91BC942}") = "Tankd", "Tankd\Tankd.vcxproj", "{9BB9D0A1-4C1B-4C17-B63B-2B446A385025}"
EndProject
Global
	GlobalSection(SolutionConfigurationPlatforms) = preSolution
		Debug|Win32 = Debug|Win32
		Release|Win32 = Release|Win32
	EndGlobalSection
	GlobalSection(ProjectConfigurationPlatforms) = postSolution
		{9BB9D0A1-4C1B-4C17-B63B-2B446A385025}.Debug|Win32.ActiveCfg = Debug|Win32
		{9BB9D0A1-4C1B-4C17-B63B-2B446A385025}.Debug|Win32.Build.0 = Debug|Win32
		{9BB9D0A1-4C1B-4C17-B63B-2B446A385025}.Release|Win32.ActiveCfg = Release|Win32
		{9BB9D0A1-4C1B-4C17-B63B-2B446A385025}.Release|Win32.Build.0 = Release|Win32
	EndGlobalSection
	GlobalSection(SolutionProperties) = preSolution
		HideSolutionNode = FALSE
	EndGlobalSection
EndGlobal
